
Microsoft Visual Studio Solution File, Format Version 12.00
# Visual Studio Version 17
VisualStudioVersion = 17.13.35825.156 d17.13
MinimumVisualStudioVersion = 10.0.40219.1
Project("{FAE04EC0-301F-11D3-BF4B-00C04F79EFBC}") = "Ank_PDF_Database", "Ank_PDF_Database\Ank_PDF_Database.csproj", "{A114B81C-E392-480B-BB44-09E6EF982CFE}"
EndProject
Global
	GlobalSection(SolutionConfigurationPlatforms) = preSolution
		Debug|Any CPU = Debug|Any CPU
		Release|Any CPU = Release|Any CPU
	EndGlobalSection
	GlobalSection(ProjectConfigurationPlatforms) = postSolution
		{A114B81C-E392-480B-BB44-09E6EF982CFE}.Debug|Any CPU.ActiveCfg = Debug|Any CPU
		{A114B81C-E392-480B-BB44-09E6EF982CFE}.Debug|Any CPU.Build.0 = Debug|Any CPU
		{A114B81C-E392-480B-BB44-09E6EF982CFE}.Release|Any CPU.ActiveCfg = Release|Any CPU
		{A114B81C-E392-480B-BB44-09E6EF982CFE}.Release|Any CPU.Build.0 = Release|Any CPU
	EndGlobalSection
	GlobalSection(SolutionProperties) = preSolution
		HideSolutionNode = FALSE
	EndGlobalSection
	GlobalSection(ExtensibilityGlobals) = postSolution
		SolutionGuid = {652FD494-829A-44D4-B278-121E95CB6D4B}
	EndGlobalSection
EndGlobal
